
Microsoft Visual Studio Solution File, Format Version 12.00
# Visual Studio 15
VisualStudioVersion = 15.0.28307.757
MinimumVisualStudioVersion = 10.0.40219.1
Project("{FAE04EC0-301F-11D3-BF4B-00C04F79EFBC}") = "Test", "Test\Test.csproj", "{249B750C-D6F4-4E89-8D81-FAF6FE691876}"
EndProject
Global
	GlobalSection(SolutionConfigurationPlatforms) = preSolution
		Debug|Any CPU = Debug|Any CPU
		Release|Any CPU = Release|Any CPU
	EndGlobalSection
	GlobalSection(ProjectConfigurationPlatforms) = postSolution
		{249B750C-D6F4-4E89-8D81-FAF6FE691876}.Debug|Any CPU.ActiveCfg = Debug|Any CPU
		{249B750C-D6F4-4E89-8D81-FAF6FE691876}.Debug|Any CPU.Build.0 = Debug|Any CPU
		{249B750C-D6F4-4E89-8D81-FAF6FE691876}.Release|Any CPU.ActiveCfg = Release|Any CPU
		{249B750C-D6F4-4E89-8D81-FAF6FE691876}.Release|Any CPU.Build.0 = Release|Any CPU
	EndGlobalSection
	GlobalSection(SolutionProperties) = preSolution
		HideSolutionNode = FALSE
	EndGlobalSection
	GlobalSection(ExtensibilityGlobals) = postSolution
		SolutionGuid = {B70058D8-C2E4-4EEE-B97E-46157779B9C3}
	EndGlobalSection
EndGlobal
